{
  "name": "wujiatao.github.io",
  "version": "1.0.0",
  "lockfileVersion": 2,
  "requires": true,
  "packages": {
    "": {
      "version": "1.0.0",
      "license": "ISC",
      "devDependencies": {
        "node-sass": "^5.0.0"
      }
    },
    "node_modules/_mkdirp@0.5.5@mkdirp": {
      "name": "mkdirp",
      "version": "0.5.5",
      "dev": true,
      "license": "MIT",
      "dependencies": {
        "minimist": "^1.2.5"
      },
      "bin": {
        "mkdirp": "bin/cmd.js"
      }
    },
    "node_modules/_mkdirp@0.5.5@mkdirp/node_modules/minimist": {
      "resolved": "node_modules/_minimist@1.2.5@minimist",
      "link": true
    },
    "node_modules/_node-sass@5.0.0@node-sass": {
      "name": "node-sass",
      "version": "5.0.0",
      "dev": true,
      "hasInstallScript": true,
      "license": "MIT",
      "dependencies": {
        "async-foreach": "^0.1.3",
        "chalk": "^1.1.1",
        "cross-spawn": "^7.0.3",
        "gaze": "^1.0.0",
        "get-stdin": "^4.0.1",
        "glob": "^7.0.3",
        "lodash": "^4.17.15",
        "meow": "^3.7.0",
        "mkdirp": "^0.5.1",
        "nan": "^2.13.2",
        "node-gyp": "^7.1.0",
        "npmlog": "^4.0.0",
        "request": "^2.88.0",
        "sass-graph": "2.2.5",
        "stdout-stream": "^1.4.0",
        "true-case-path": "^1.0.2"
      },
      "bin": {
        "node-sass": "bin/node-sass"
      },
      "engines": {
        "node": ">=10"
      }
    },
    "node_modules/_node-sass@5.0.0@node-sass/node_modules/async-foreach": {
      "resolved": "node_modules/_async-foreach@0.1.3@async-foreach",
      "link": true
    },
    "node_modules/_node-sass@5.0.0@node-sass/node_modules/chalk": {
      "resolved": "node_modules/_chalk@1.1.3@chalk",
      "link": true
    },
    "node_modules/_node-sass@5.0.0@node-sass/node_modules/cross-spawn": {
      "resolved": "node_modules/_cross-spawn@7.0.3@cross-spawn",
      "link": true
    },
    "node_modules/_node-sass@5.0.0@node-sass/node_modules/gaze": {
      "resolved": "node_modules/_gaze@1.1.3@gaze",
      "link": true
    },
    "node_modules/_node-sass@5.0.0@node-sass/node_modules/get-stdin": {
      "resolved": "node_modules/_get-stdin@4.0.1@get-stdin",
      "link": true
    },
    "node_modules/_node-sass@5.0.0@node-sass/node_modules/glob": {
      "resolved": "node_modules/_glob@7.1.6@glob",
      "link": true
    },
    "node_modules/_node-sass@5.0.0@node-sass/node_modules/lodash": {
      "resolved": "node_modules/_lodash@4.17.21@lodash",
      "link": true
    },
    "node_modules/_node-sass@5.0.0@node-sass/node_modules/meow": {
      "resolved": "node_modules/_meow@3.7.0@meow",
      "link": true
    },
    "node_modules/_node-sass@5.0.0@node-sass/node_modules/mkdirp": {
      "resolved": "node_modules/_mkdirp@0.5.5@mkdirp",
      "link": true
    },
    "node_modules/_node-sass@5.0.0@node-sass/node_modules/nan": {
      "resolved": "node_modules/_nan@2.14.2@nan",
      "link": true
    },
    "node_modules/_node-sass@5.0.0@node-sass/node_modules/node-gyp": {
      "resolved": "node_modules/_node-gyp@7.1.2@node-gyp",
      "link": true
    },
    "node_modules/_node-sass@5.0.0@node-sass/node_modules/npmlog": {
      "resolved": "node_modules/_npmlog@4.1.2@npmlog",
      "link": true
    },
    "node_modules/_node-sass@5.0.0@node-sass/node_modules/request": {
      "resolved": "node_modules/_request@2.88.2@request",
      "link": true
    },
    "node_modules/_node-sass@5.0.0@node-sass/node_modules/sass-graph": {
      "resolved": "node_modules/_sass-graph@2.2.5@sass-graph",
      "link": true
    },
    "node_modules/_node-sass@5.0.0@node-sass/node_modules/stdout-stream": {
      "resolved": "node_modules/_stdout-stream@1.4.1@stdout-stream",
      "link": true
    },
    "node_modules/_node-sass@5.0.0@node-sass/node_modules/true-case-path": {
      "resolved": "node_modules/_true-case-path@1.0.3@true-case-path",
      "link": true
    },
    "node_modules/node-sass": {
      "resolved": "node_modules/_node-sass@5.0.0@node-sass",
      "link": true
    }
  },
  "dependencies": {
    "_mkdirp@0.5.5@mkdirp": {
      "version": "npm:mkdirp@0.5.5",
      "dev": true,
      "requires": {
        "minimist": "^1.2.5"
      },
      "dependencies": {
        "minimist": {
          "version": "1.2.5"
        }
      }
    },
    "_node-sass@5.0.0@node-sass": {
      "version": "npm:node-sass@5.0.0",
      "dev": true,
      "requires": {
        "async-foreach": "^0.1.3",
        "chalk": "^1.1.1",
        "cross-spawn": "^7.0.3",
        "gaze": "^1.0.0",
        "get-stdin": "^4.0.1",
        "glob": "^7.0.3",
        "lodash": "^4.17.15",
        "meow": "^3.7.0",
        "mkdirp": "^0.5.1",
        "nan": "^2.13.2",
        "node-gyp": "^7.1.0",
        "npmlog": "^4.0.0",
        "request": "^2.88.0",
        "sass-graph": "2.2.5",
        "stdout-stream": "^1.4.0",
        "true-case-path": "^1.0.2"
      },
      "dependencies": {
        "async-foreach": {
          "version": "0.1.3"
        },
        "chalk": {
          "version": "1.1.3"
        },
        "cross-spawn": {
          "version": "7.0.3"
        },
        "gaze": {
          "version": "1.1.3"
        },
        "get-stdin": {
          "version": "4.0.1"
        },
        "glob": {
          "version": "7.1.6"
        },
        "lodash": {
          "version": "4.17.21"
        },
        "meow": {
          "version": "3.7.0"
        },
        "mkdirp": {
          "version": "file:node_modules/_mkdirp@0.5.5@mkdirp",
          "requires": {
            "minimist": "^1.2.5"
          },
          "dependencies": {
            "minimist": {
              "version": "1.2.5"
            }
          }
        },
        "nan": {
          "version": "2.14.2"
        },
        "node-gyp": {
          "version": "7.1.2"
        },
        "npmlog": {
          "version": "4.1.2"
        },
        "request": {
          "version": "2.88.2"
        },
        "sass-graph": {
          "version": "2.2.5"
        },
        "stdout-stream": {
          "version": "1.4.1"
        },
        "true-case-path": {
          "version": "1.0.3"
        }
      }
    },
    "node-sass": {
      "version": "file:node_modules/_node-sass@5.0.0@node-sass",
      "requires": {
        "async-foreach": "^0.1.3",
        "chalk": "^1.1.1",
        "cross-spawn": "^7.0.3",
        "gaze": "^1.0.0",
        "get-stdin": "^4.0.1",
        "glob": "^7.0.3",
        "lodash": "^4.17.15",
        "meow": "^3.7.0",
        "mkdirp": "^0.5.1",
        "nan": "^2.13.2",
        "node-gyp": "^7.1.0",
        "npmlog": "^4.0.0",
        "request": "^2.88.0",
        "sass-graph": "2.2.5",
        "stdout-stream": "^1.4.0",
        "true-case-path": "^1.0.2"
      },
      "dependencies": {
        "async-foreach": {
          "version": "0.1.3"
        },
        "chalk": {
          "version": "1.1.3"
        },
        "cross-spawn": {
          "version": "7.0.3"
        },
        "gaze": {
          "version": "1.1.3"
        },
        "get-stdin": {
          "version": "4.0.1"
        },
        "glob": {
          "version": "7.1.6"
        },
        "lodash": {
          "version": "4.17.21"
        },
        "meow": {
          "version": "3.7.0"
        },
        "mkdirp": {
          "version": "file:node_modules/_mkdirp@0.5.5@mkdirp",
          "requires": {
            "minimist": "^1.2.5"
          },
          "dependencies": {
            "minimist": {
              "version": "1.2.5"
            }
          }
        },
        "nan": {
          "version": "2.14.2"
        },
        "node-gyp": {
          "version": "7.1.2"
        },
        "npmlog": {
          "version": "4.1.2"
        },
        "request": {
          "version": "2.88.2"
        },
        "sass-graph": {
          "version": "2.2.5"
        },
        "stdout-stream": {
          "version": "1.4.1"
        },
        "true-case-path": {
          "version": "1.0.3"
        }
      }
    }
  }
}
